// !$*UTF8*$!
{
	archiveVersion = 1;
	classes = {
	};
	objectVersion = 55;
	objects = {

/* Begin PBXBuildFile section */
		96D04AF729071CD8001A60E4 /* DatabaseManager.swift in Sources */ = {isa = PBXBuildFile; fileRef = 96D04AF629071CD8001A60E4 /* DatabaseManager.swift */; };
		96D04AF929072302001A60E4 /* Opening.swift in Sources */ = {isa = PBXBuildFile; fileRef = 96D04AF829072302001A60E4 /* Opening.swift */; };
		96E078572908340700B82CE9 /* GameVC.swift in Sources */ = {isa = PBXBuildFile; fileRef = 96E078562908340700B82CE9 /* GameVC.swift */; };
		96E078592908345100B82CE9 /* GameViewModel.swift in Sources */ = {isa = PBXBuildFile; fileRef = 96E078582908345100B82CE9 /* GameViewModel.swift */; };
		96EC363D28CB8CEF003E8203 /* MainLineApp.swift in Sources */ = {isa = PBXBuildFile; fileRef = 96EC363C28CB8CEF003E8203 /* MainLineApp.swift */; };
		96EC363F28CB8CEF003E8203 /* ContentView.swift in Sources */ = {isa = PBXBuildFile; fileRef = 96EC363E28CB8CEF003E8203 /* ContentView.swift */; };
		96EC364128CB8CF1003E8203 /* Assets.xcassets in Resources */ = {isa = PBXBuildFile; fileRef = 96EC364028CB8CF1003E8203 /* Assets.xcassets */; };
		96EC364428CB8CF1003E8203 /* Preview Assets.xcassets in Resources */ = {isa = PBXBuildFile; fileRef = 96EC364328CB8CF1003E8203 /* Preview Assets.xcassets */; };
		96EC364C28CB8FE8003E8203 /* SquareView.swift in Sources */ = {isa = PBXBuildFile; fileRef = 96EC364B28CB8FE8003E8203 /* SquareView.swift */; };
		96EC364E28CB91B9003E8203 /* SquareModel.swift in Sources */ = {isa = PBXBuildFile; fileRef = 96EC364D28CB91B9003E8203 /* SquareModel.swift */; };
		96EC365028CB9C0A003E8203 /* BoardView.swift in Sources */ = {isa = PBXBuildFile; fileRef = 96EC364F28CB9C0A003E8203 /* BoardView.swift */; };
		96EC365228CBA477003E8203 /* RowView.swift in Sources */ = {isa = PBXBuildFile; fileRef = 96EC365128CBA477003E8203 /* RowView.swift */; };
/* End PBXBuildFile section */

/* Begin PBXFileReference section */
		96D04AF629071CD8001A60E4 /* DatabaseManager.swift */ = {isa = PBXFileReference; lastKnownFileType = sourcecode.swift; path = DatabaseManager.swift; sourceTree = "<group>"; };
		96D04AF829072302001A60E4 /* Opening.swift */ = {isa = PBXFileReference; lastKnownFileType = sourcecode.swift; path = Opening.swift; sourceTree = "<group>"; };
		96E078562908340700B82CE9 /* GameVC.swift */ = {isa = PBXFileReference; lastKnownFileType = sourcecode.swift; path = GameVC.swift; sourceTree = "<group>"; };
		96E078582908345100B82CE9 /* GameViewModel.swift */ = {isa = PBXFileReference; lastKnownFileType = sourcecode.swift; path = GameViewModel.swift; sourceTree = "<group>"; };
		96EC363928CB8CEF003E8203 /* MainLine.app */ = {isa = PBXFileReference; explicitFileType = wrapper.application; includeInIndex = 0; path = MainLine.app; sourceTree = BUILT_PRODUCTS_DIR; };
		96EC363C28CB8CEF003E8203 /* MainLineApp.swift */ = {isa = PBXFileReference; lastKnownFileType = sourcecode.swift; path = MainLineApp.swift; sourceTree = "<group>"; };
		96EC363E28CB8CEF003E8203 /* ContentView.swift */ = {isa = PBXFileReference; lastKnownFileType = sourcecode.swift; path = ContentView.swift; sourceTree = "<group>"; };
		96EC364028CB8CF1003E8203 /* Assets.xcassets */ = {isa = PBXFileReference; lastKnownFileType = folder.assetcatalog; path = Assets.xcassets; sourceTree = "<group>"; };
		96EC364328CB8CF1003E8203 /* Preview Assets.xcassets */ = {isa = PBXFileReference; lastKnownFileType = folder.assetcatalog; path = "Preview Assets.xcassets"; sourceTree = "<group>"; };
		96EC364B28CB8FE8003E8203 /* SquareView.swift */ = {isa = PBXFileReference; lastKnownFileType = sourcecode.swift; path = SquareView.swift; sourceTree = "<group>"; };
		96EC364D28CB91B9003E8203 /* SquareModel.swift */ = {isa = PBXFileReference; lastKnownFileType = sourcecode.swift; path = SquareModel.swift; sourceTree = "<group>"; };
		96EC364F28CB9C0A003E8203 /* BoardView.swift */ = {isa = PBXFileReference; lastKnownFileType = sourcecode.swift; path = BoardView.swift; sourceTree = "<group>"; };
		96EC365128CBA477003E8203 /* RowView.swift */ = {isa = PBXFileReference; lastKnownFileType = sourcecode.swift; path = RowView.swift; sourceTree = "<group>"; };
/* End PBXFileReference section */

/* Begin PBXFrameworksBuildPhase section */
		96EC363628CB8CEF003E8203 /* Frameworks */ = {
			isa = PBXFrameworksBuildPhase;
			buildActionMask = 2147483647;
			files = (
			);
			runOnlyForDeploymentPostprocessing = 0;
		};
/* End PBXFrameworksBuildPhase section */

/* Begin PBXGroup section */
		96EC363028CB8CEF003E8203 = {
			isa = PBXGroup;
			children = (
				96EC363B28CB8CEF003E8203 /* MainLine */,
				96EC363A28CB8CEF003E8203 /* Products */,
			);
			sourceTree = "<group>";
		};
		96EC363A28CB8CEF003E8203 /* Products */ = {
			isa = PBXGroup;
			children = (
				96EC363928CB8CEF003E8203 /* MainLine.app */,
			);
			name = Products;
			sourceTree = "<group>";
		};
		96EC363B28CB8CEF003E8203 /* MainLine */ = {
			isa = PBXGroup;
			children = (
				96EC363C28CB8CEF003E8203 /* MainLineApp.swift */,
				96EC363E28CB8CEF003E8203 /* ContentView.swift */,
				96E078562908340700B82CE9 /* GameVC.swift */,
				96E078582908345100B82CE9 /* GameViewModel.swift */,
				96EC364B28CB8FE8003E8203 /* SquareView.swift */,
				96EC364D28CB91B9003E8203 /* SquareModel.swift */,
				96EC364F28CB9C0A003E8203 /* BoardView.swift */,
				96EC365128CBA477003E8203 /* RowView.swift */,
				96D04AF629071CD8001A60E4 /* DatabaseManager.swift */,
				96D04AF829072302001A60E4 /* Opening.swift */,
				96EC364028CB8CF1003E8203 /* Assets.xcassets */,
				96EC364228CB8CF1003E8203 /* Preview Content */,
			);
			path = MainLine;
			sourceTree = "<group>";
		};
		96EC364228CB8CF1003E8203 /* Preview Content */ = {
			isa = PBXGroup;
			children = (
				96EC364328CB8CF1003E8203 /* Preview Assets.xcassets */,
			);
			path = "Preview Content";
			sourceTree = "<group>";
		};
/* End PBXGroup section */

/* Begin PBXNativeTarget section */
		96EC363828CB8CEF003E8203 /* MainLine */ = {
			isa = PBXNativeTarget;
			buildConfigurationList = 96EC364728CB8CF1003E8203 /* Build configuration list for PBXNativeTarget "MainLine" */;
			buildPhases = (
				96EC363528CB8CEF003E8203 /* Sources */,
				96EC363628CB8CEF003E8203 /* Frameworks */,
				96EC363728CB8CEF003E8203 /* Resources */,
			);
			buildRules = (
			);
			dependencies = (
			);
			name = MainLine;
			productName = MainLine;
			productReference = 96EC363928CB8CEF003E8203 /* MainLine.app */;
			productType = "com.apple.product-type.application";
		};
/* End PBXNativeTarget section */

/* Begin PBXProject section */
		96EC363128CB8CEF003E8203 /* Project object */ = {
			isa = PBXProject;
			attributes = {
				BuildIndependentTargetsInParallel = 1;
				LastSwiftUpdateCheck = 1340;
				LastUpgradeCheck = 1340;
				TargetAttributes = {
					96EC363828CB8CEF003E8203 = {
						CreatedOnToolsVersion = 13.4.1;
					};
				};
			};
			buildConfigurationList = 96EC363428CB8CEF003E8203 /* Build configuration list for PBXProject "MainLine" */;
			compatibilityVersion = "Xcode 13.0";
			developmentRegion = en;
			hasScannedForEncodings = 0;
			knownRegions = (
				en,
				Base,
			);
			mainGroup = 96EC363028CB8CEF003E8203;
			productRefGroup = 96EC363A28CB8CEF003E8203 /* Products */;
			projectDirPath = "";
			projectRoot = "";
			targets = (
				96EC363828CB8CEF003E8203 /* MainLine */,
			);
		};
/* End PBXProject section */

/* Begin PBXResourcesBuildPhase section */
		96EC363728CB8CEF003E8203 /* Resources */ = {
			isa = PBXResourcesBuildPhase;
			buildActionMask = 2147483647;
			files = (
				96EC364428CB8CF1003E8203 /* Preview Assets.xcassets in Resources */,
				96EC364128CB8CF1003E8203 /* Assets.xcassets in Resources */,
			);
			runOnlyForDeploymentPostprocessing = 0;
		};
/* End PBXResourcesBuildPhase section */

/* Begin PBXSourcesBuildPhase section */
		96EC363528CB8CEF003E8203 /* Sources */ = {
			isa = PBXSourcesBuildPhase;
			buildActionMask = 2147483647;
			files = (
				96D04AF929072302001A60E4 /* Opening.swift in Sources */,
				96EC364C28CB8FE8003E8203 /* SquareView.swift in Sources */,
				96EC365228CBA477003E8203 /* RowView.swift in Sources */,
				96EC363F28CB8CEF003E8203 /* ContentView.swift in Sources */,
				96EC365028CB9C0A003E8203 /* BoardView.swift in Sources */,
				96EC364E28CB91B9003E8203 /* SquareModel.swift in Sources */,
				96EC363D28CB8CEF003E8203 /* MainLineApp.swift in Sources */,
				96E078572908340700B82CE9 /* GameVC.swift in Sources */,
				96E078592908345100B82CE9 /* GameViewModel.swift in Sources */,
				96D04AF729071CD8001A60E4 /* DatabaseManager.swift in Sources */,
			);
			runOnlyForDeploymentPostprocessing = 0;
		};
/* End PBXSourcesBuildPhase section */

/* Begin XCBuildConfiguration section */
		96EC364528CB8CF1003E8203 /* Debug */ = {
			isa = XCBuildConfiguration;
			buildSettings = {
				ALWAYS_SEARCH_USER_PATHS = NO;
				CLANG_ANALYZER_NONNULL = YES;
				CLANG_ANALYZER_NUMBER_OBJECT_CONVERSION = YES_AGGRESSIVE;
				CLANG_CXX_LANGUAGE_STANDARD = "gnu++17";
				CLANG_ENABLE_MODULES = YES;
				CLANG_ENABLE_OBJC_ARC = YES;
				CLANG_ENABLE_OBJC_WEAK = YES;
				CLANG_WARN_BLOCK_CAPTURE_AUTORELEASING = YES;
				CLANG_WARN_BOOL_CONVERSION = YES;
				CLANG_WARN_COMMA = YES;
				CLANG_WARN_CONSTANT_CONVERSION = YES;
				CLANG_WARN_DEPRECATED_OBJC_IMPLEMENTATIONS = YES;
				CLANG_WARN_DIRECT_OBJC_ISA_USAGE = YES_ERROR;
				CLANG_WARN_DOCUMENTATION_COMMENTS = YES;
				CLANG_WARN_EMPTY_BODY = YES;
				CLANG_WARN_ENUM_CONVERSION = YES;
				CLANG_WARN_INFINITE_RECURSION = YES;
				CLANG_WARN_INT_CONVERSION = YES;
				CLANG_WARN_NON_LITERAL_NULL_CONVERSION = YES;
				CLANG_WARN_OBJC_IMPLICIT_RETAIN_SELF = YES;
				CLANG_WARN_OBJC_LITERAL_CONVERSION = YES;
				CLANG_WARN_OBJC_ROOT_CLASS = YES_ERROR;
				CLANG_WARN_QUOTED_INCLUDE_IN_FRAMEWORK_HEADER = YES;
				CLANG_WARN_RANGE_LOOP_ANALYSIS = YES;
				CLANG_WARN_STRICT_PROTOTYPES = YES;
				CLANG_WARN_SUSPICIOUS_MOVE = YES;
				CLANG_WARN_UNGUARDED_AVAILABILITY = YES_AGGRESSIVE;
				CLANG_WARN_UNREACHABLE_CODE = YES;
				CLANG_WARN__DUPLICATE_METHOD_MATCH = YES;
				COPY_PHASE_STRIP = NO;
				DEBUG_INFORMATION_FORMAT = dwarf;
				ENABLE_STRICT_OBJC_MSGSEND = YES;
				ENABLE_TESTABILITY = YES;
				GCC_C_LANGUAGE_STANDARD = gnu11;
				GCC_DYNAMIC_NO_PIC = NO;
				GCC_NO_COMMON_BLOCKS = YES;
				GCC_OPTIMIZATION_LEVEL = 0;
				GCC_PREPROCESSOR_DEFINITIONS = (
					"DEBUG=1",
					"$(inherited)",
				);
				GCC_WARN_64_TO_32_BIT_CONVERSION = YES;
				GCC_WARN_ABOUT_RETURN_TYPE = YES_ERROR;
				GCC_WARN_UNDECLARED_SELECTOR = YES;
				GCC_WARN_UNINITIALIZED_AUTOS = YES_AGGRESSIVE;
				GCC_WARN_UNUSED_FUNCTION = YES;
				GCC_WARN_UNUSED_VARIABLE = YES;
				IPHONEOS_DEPLOYMENT_TARGET = 15.5;
				MTL_ENABLE_DEBUG_INFO = INCLUDE_SOURCE;
				MTL_FAST_MATH = YES;
				ONLY_ACTIVE_ARCH = YES;
				SDKROOT = iphoneos;
				SWIFT_ACTIVE_COMPILATION_CONDITIONS = DEBUG;
				SWIFT_OPTIMIZATION_LEVEL = "-Onone";
			};
			name = Debug;
		};
		96EC364628CB8CF1003E8203 /* Release */ = {
			isa = XCBuildConfiguration;
			buildSettings = {
				ALWAYS_SEARCH_USER_PATHS = NO;
				CLANG_ANALYZER_NONNULL = YES;
				CLANG_ANALYZER_NUMBER_OBJECT_CONVERSION = YES_AGGRESSIVE;
				CLANG_CXX_LANGUAGE_STANDARD = "gnu++17";
				CLANG_ENABLE_MODULES = YES;
				CLANG_ENABLE_OBJC_ARC = YES;
				CLANG_ENABLE_OBJC_WEAK = YES;
				CLANG_WARN_BLOCK_CAPTURE_AUTORELEASING = YES;
				CLANG_WARN_BOOL_CONVERSION = YES;
				CLANG_WARN_COMMA = YES;
				CLANG_WARN_CONSTANT_CONVERSION = YES;
				CLANG_WARN_DEPRECATED_OBJC_IMPLEMENTATIONS = YES;
				CLANG_WARN_DIRECT_OBJC_ISA_USAGE = YES_ERROR;
				CLANG_WARN_DOCUMENTATION_COMMENTS = YES;
				CLANG_WARN_EMPTY_BODY = YES;
				CLANG_WARN_ENUM_CONVERSION = YES;
				CLANG_WARN_INFINITE_RECURSION = YES;
				CLANG_WARN_INT_CONVERSION = YES;
				CLANG_WARN_NON_LITERAL_NULL_CONVERSION = YES;
				CLANG_WARN_OBJC_IMPLICIT_RETAIN_SELF = YES;
				CLANG_WARN_OBJC_LITERAL_CONVERSION = YES;
				CLANG_WARN_OBJC_ROOT_CLASS = YES_ERROR;
				CLANG_WARN_QUOTED_INCLUDE_IN_FRAMEWORK_HEADER = YES;
				CLANG_WARN_RANGE_LOOP_ANALYSIS = YES;
				CLANG_WARN_STRICT_PROTOTYPES = YES;
				CLANG_WARN_SUSPICIOUS_MOVE = YES;
				CLANG_WARN_UNGUARDED_AVAILABILITY = YES_AGGRESSIVE;
				CLANG_WARN_UNREACHABLE_CODE = YES;
				CLANG_WARN__DUPLICATE_METHOD_MATCH = YES;
				COPY_PHASE_STRIP = NO;
				DEBUG_INFORMATION_FORMAT = "dwarf-with-dsym";
				ENABLE_NS_ASSERTIONS = NO;
				ENABLE_STRICT_OBJC_MSGSEND = YES;
				GCC_C_LANGUAGE_STANDARD = gnu11;
				GCC_NO_COMMON_BLOCKS = YES;
				GCC_WARN_64_TO_32_BIT_CONVERSION = YES;
				GCC_WARN_ABOUT_RETURN_TYPE = YES_ERROR;
				GCC_WARN_UNDECLARED_SELECTOR = YES;
				GCC_WARN_UNINITIALIZED_AUTOS = YES_AGGRESSIVE;
				GCC_WARN_UNUSED_FUNCTION = YES;
				GCC_WARN_UNUSED_VARIABLE = YES;
				IPHONEOS_DEPLOYMENT_TARGET = 15.5;
				MTL_ENABLE_DEBUG_INFO = NO;
				MTL_FAST_MATH = YES;
				SDKROOT = iphoneos;
				SWIFT_COMPILATION_MODE = wholemodule;
				SWIFT_OPTIMIZATION_LEVEL = "-O";
				VALIDATE_PRODUCT = YES;
			};
			name = Release;
		};
		96EC364828CB8CF1003E8203 /* Debug */ = {
			isa = XCBuildConfiguration;
			buildSettings = {
				ASSETCATALOG_COMPILER_APPICON_NAME = AppIcon;
				ASSETCATALOG_COMPILER_GLOBAL_ACCENT_COLOR_NAME = AccentColor;
				CODE_SIGN_STYLE = Automatic;
				CURRENT_PROJECT_VERSION = 1;
				DEVELOPMENT_ASSET_PATHS = "\"MainLine/Preview Content\"";
				DEVELOPMENT_TEAM = 5XJLB96BBD;
				ENABLE_PREVIEWS = YES;
				GENERATE_INFOPLIST_FILE = YES;
				INFOPLIST_KEY_UIApplicationSceneManifest_Generation = YES;
				INFOPLIST_KEY_UIApplicationSupportsIndirectInputEvents = YES;
				INFOPLIST_KEY_UILaunchScreen_Generation = YES;
				INFOPLIST_KEY_UISupportedInterfaceOrientations_iPad = "UIInterfaceOrientationPortrait UIInterfaceOrientationPortraitUpsideDown UIInterfaceOrientationLandscapeLeft UIInterfaceOrientationLandscapeRight";
				INFOPLIST_KEY_UISupportedInterfaceOrientations_iPhone = "UIInterfaceOrientationPortrait UIInterfaceOrientationLandscapeLeft UIInterfaceOrientationLandscapeRight";
				LD_RUNPATH_SEARCH_PATHS = (
					"$(inherited)",
					"@executable_path/Frameworks",
				);
				MARKETING_VERSION = 1.0;
				PRODUCT_BUNDLE_IDENTIFIER = me.straub.nicholas.MainLine;
				PRODUCT_NAME = "$(TARGET_NAME)";
				SWIFT_EMIT_LOC_STRINGS = YES;
				SWIFT_VERSION = 5.0;
				TARGETED_DEVICE_FAMILY = "1,2";
			};
			name = Debug;
		};
		96EC364928CB8CF1003E8203 /* Release */ = {
			isa = XCBuildConfiguration;
			buildSettings = {
				ASSETCATALOG_COMPILER_APPICON_NAME = AppIcon;
				ASSETCATALOG_COMPILER_GLOBAL_ACCENT_COLOR_NAME = AccentColor;
				CODE_SIGN_STYLE = Automatic;
				CURRENT_PROJECT_VERSION = 1;
				DEVELOPMENT_ASSET_PATHS = "\"MainLine/Preview Content\"";
				DEVELOPMENT_TEAM = 5XJLB96BBD;
				ENABLE_PREVIEWS = YES;
				GENERATE_INFOPLIST_FILE = YES;
				INFOPLIST_KEY_UIApplicationSceneManifest_Generation = YES;
				INFOPLIST_KEY_UIApplicationSupportsIndirectInputEvents = YES;
				INFOPLIST_KEY_UILaunchScreen_Generation = YES;
				INFOPLIST_KEY_UISupportedInterfaceOrientations_iPad = "UIInterfaceOrientationPortrait UIInterfaceOrientationPortraitUpsideDown UIInterfaceOrientationLandscapeLeft UIInterfaceOrientationLandscapeRight";
				INFOPLIST_KEY_UISupportedInterfaceOrientations_iPhone = "UIInterfaceOrientationPortrait UIInterfaceOrientationLandscapeLeft UIInterfaceOrientationLandscapeRight";
				LD_RUNPATH_SEARCH_PATHS = (
					"$(inherited)",
					"@executable_path/Frameworks",
				);
				MARKETING_VERSION = 1.0;
				PRODUCT_BUNDLE_IDENTIFIER = me.straub.nicholas.MainLine;
				PRODUCT_NAME = "$(TARGET_NAME)";
				SWIFT_EMIT_LOC_STRINGS = YES;
				SWIFT_VERSION = 5.0;
				TARGETED_DEVICE_FAMILY = "1,2";
			};
			name = Release;
		};
/* End XCBuildConfiguration section */

/* Begin XCConfigurationList section */
		96EC363428CB8CEF003E8203 /* Build configuration list for PBXProject "MainLine" */ = {
			isa = XCConfigurationList;
			buildConfigurations = (
				96EC364528CB8CF1003E8203 /* Debug */,
				96EC364628CB8CF1003E8203 /* Release */,
			);
			defaultConfigurationIsVisible = 0;
			defaultConfigurationName = Release;
		};
		96EC364728CB8CF1003E8203 /* Build configuration list for PBXNativeTarget "MainLine" */ = {
			isa = XCConfigurationList;
			buildConfigurations = (
				96EC364828CB8CF1003E8203 /* Debug */,
				96EC364928CB8CF1003E8203 /* Release */,
			);
			defaultConfigurationIsVisible = 0;
			defaultConfigurationName = Release;
		};
/* End XCConfigurationList section */
	};
	rootObject = 96EC363128CB8CEF003E8203 /* Project object */;
}
